
Microsoft Visual Studio Solution File, Format Version 12.00
# Visual Studio 14
VisualStudioVersion = 14.0.25420.1
MinimumVisualStudioVersion = 10.0.40219.1
Project("{FAE04EC0-301F-11D3-BF4B-00C04F79EFBC}") = "RESTapi", "RESTapi\RESTapi.csproj", "{4678401E-575B-4E02-A81C-331E3D857E01}"
EndProject
Project("{FAE04EC0-301F-11D3-BF4B-00C04F79EFBC}") = "IMDB", "IMDB\IMDB.csproj", "{8FFFA11E-FF01-4244-98DE-006DD5498E6E}"
EndProject
Global
	GlobalSection(SolutionConfigurationPlatforms) = preSolution
		Debug|Any CPU = Debug|Any CPU
		Release|Any CPU = Release|Any CPU
	EndGlobalSection
	GlobalSection(ProjectConfigurationPlatforms) = postSolution
		{4678401E-575B-4E02-A81C-331E3D857E01}.Debug|Any CPU.ActiveCfg = Debug|Any CPU
		{4678401E-575B-4E02-A81C-331E3D857E01}.Debug|Any CPU.Build.0 = Debug|Any CPU
		{4678401E-575B-4E02-A81C-331E3D857E01}.Release|Any CPU.ActiveCfg = Release|Any CPU
		{4678401E-575B-4E02-A81C-331E3D857E01}.Release|Any CPU.Build.0 = Release|Any CPU
		{8FFFA11E-FF01-4244-98DE-006DD5498E6E}.Debug|Any CPU.ActiveCfg = Debug|Any CPU
		{8FFFA11E-FF01-4244-98DE-006DD5498E6E}.Debug|Any CPU.Build.0 = Debug|Any CPU
		{8FFFA11E-FF01-4244-98DE-006DD5498E6E}.Release|Any CPU.ActiveCfg = Release|Any CPU
		{8FFFA11E-FF01-4244-98DE-006DD5498E6E}.Release|Any CPU.Build.0 = Release|Any CPU
	EndGlobalSection
	GlobalSection(SolutionProperties) = preSolution
		HideSolutionNode = FALSE
	EndGlobalSection
EndGlobal
